{
  "name": "es6",
  "version": "1.0.0",
  "lockfileVersion": 1,
  "requires": true,
  "dependencies": {
    "bable-loader": {
      "version": "0.0.1-security",
      "resolved": "https://npm.capi.iproperty.com/bable-loader/-/bable-loader-0.0.1-security.tgz",
      "integrity": "sha512-c+3kzBR1xfVF2s/Lxk0J9rnI8lXJ7gGqcRTOcnvvrknHGiHHRoZbxrkh+Hq0eOb2tnZB3WvDSkD9yi5vV5bFCA==",
      "dev": true
    }
  }
}
